
Microsoft Visual Studio Solution File, Format Version 12.00
# Visual Studio Version 17
VisualStudioVersion = 17.10.35013.160
MinimumVisualStudioVersion = 10.0.40219.1
Project("{FAE04EC0-301F-11D3-BF4B-00C04F79EFBC}") = "EmployeeSupportSystem", "EmployeeSupportSystem\EmployeeSupportSystem.csproj", "{93DA7620-0C0F-434A-8BFD-A5B5A6538DAB}"
EndProject
Global
	GlobalSection(SolutionConfigurationPlatforms) = preSolution
		Debug|Any CPU = Debug|Any CPU
		Release|Any CPU = Release|Any CPU
	EndGlobalSection
	GlobalSection(ProjectConfigurationPlatforms) = postSolution
		{93DA7620-0C0F-434A-8BFD-A5B5A6538DAB}.Debug|Any CPU.ActiveCfg = Debug|Any CPU
		{93DA7620-0C0F-434A-8BFD-A5B5A6538DAB}.Debug|Any CPU.Build.0 = Debug|Any CPU
		{93DA7620-0C0F-434A-8BFD-A5B5A6538DAB}.Release|Any CPU.ActiveCfg = Release|Any CPU
		{93DA7620-0C0F-434A-8BFD-A5B5A6538DAB}.Release|Any CPU.Build.0 = Release|Any CPU
	EndGlobalSection
	GlobalSection(SolutionProperties) = preSolution
		HideSolutionNode = FALSE
	EndGlobalSection
	GlobalSection(ExtensibilityGlobals) = postSolution
		SolutionGuid = {6B924B6E-AC3A-40B4-8418-ED9DF044E036}
	EndGlobalSection
EndGlobal
